
Microsoft Visual Studio Solution File, Format Version 12.00
# Visual Studio 15
VisualStudioVersion = 15.0.26730.16
MinimumVisualStudioVersion = 10.0.40219.1
Project("{FAE04EC0-301F-11D3-BF4B-00C04F79EFBC}") = "FirebaseTest.Android", "FirebaseTest\FirebaseTest.Android\FirebaseTest.Android.csproj", "{051465A1-9658-4D8B-8F07-FDC2028BD521}"
EndProject
Project("{FAE04EC0-301F-11D3-BF4B-00C04F79EFBC}") = "FirebaseTest", "FirebaseTest\FirebaseTest\FirebaseTest.csproj", "{450D5810-EAB1-4B7B-936E-67E2A1B9F15F}"
EndProject
Project("{FAE04EC0-301F-11D3-BF4B-00C04F79EFBC}") = "FirebaseTest.UWP", "FirebaseTest\FirebaseTest.UWP\FirebaseTest.UWP.csproj", "{0A90453B-2865-4AD2-AC4B-F4D2A4844DF2}"
EndProject
Project("{FAE04EC0-301F-11D3-BF4B-00C04F79EFBC}") = "FirebaseTest.iOS", "FirebaseTest\FirebaseTest.iOS\FirebaseTest.iOS.csproj", "{F76B0CA2-62FC-4D9A-9934-FCA60E32179C}"
EndProject
Global
	GlobalSection(SolutionConfigurationPlatforms) = preSolution
		Ad-Hoc|Any CPU = Ad-Hoc|Any CPU
		Ad-Hoc|ARM = Ad-Hoc|ARM
		Ad-Hoc|iPhone = Ad-Hoc|iPhone
		Ad-Hoc|iPhoneSimulator = Ad-Hoc|iPhoneSimulator
		Ad-Hoc|x64 = Ad-Hoc|x64
		Ad-Hoc|x86 = Ad-Hoc|x86
		AppStore|Any CPU = AppStore|Any CPU
		AppStore|ARM = AppStore|ARM
		AppStore|iPhone = AppStore|iPhone
		AppStore|iPhoneSimulator = AppStore|iPhoneSimulator
		AppStore|x64 = AppStore|x64
		AppStore|x86 = AppStore|x86
		Debug|Any CPU = Debug|Any CPU
		Debug|ARM = Debug|ARM
		Debug|iPhone = Debug|iPhone
		Debug|iPhoneSimulator = Debug|iPhoneSimulator
		Debug|x64 = Debug|x64
		Debug|x86 = Debug|x86
		Release|Any CPU = Release|Any CPU
		Release|ARM = Release|ARM
		Release|iPhone = Release|iPhone
		Release|iPhoneSimulator = Release|iPhoneSimulator
		Release|x64 = Release|x64
		Release|x86 = Release|x86
	EndGlobalSection
	GlobalSection(ProjectConfigurationPlatforms) = postSolution
		{051465A1-9658-4D8B-8F07-FDC2028BD521}.Ad-Hoc|Any CPU.ActiveCfg = Release|Any CPU
		{051465A1-9658-4D8B-8F07-FDC2028BD521}.Ad-Hoc|Any CPU.Build.0 = Release|Any CPU
		{051465A1-9658-4D8B-8F07-FDC2028BD521}.Ad-Hoc|Any CPU.Deploy.0 = Release|Any CPU
		{051465A1-9658-4D8B-8F07-FDC2028BD521}.Ad-Hoc|ARM.ActiveCfg = Release|Any CPU
		{051465A1-9658-4D8B-8F07-FDC2028BD521}.Ad-Hoc|ARM.Build.0 = Release|Any CPU
		{051465A1-9658-4D8B-8F07-FDC2028BD521}.Ad-Hoc|ARM.Deploy.0 = Release|Any CPU
		{051465A1-9658-4D8B-8F07-FDC2028BD521}.Ad-Hoc|iPhone.ActiveCfg = Release|Any CPU
		{051465A1-9658-4D8B-8F07-FDC2028BD521}.Ad-Hoc|iPhone.Build.0 = Release|Any CPU
		{051465A1-9658-4D8B-8F07-FDC2028BD521}.Ad-Hoc|iPhone.Deploy.0 = Release|Any CPU
		{051465A1-9658-4D8B-8F07-FDC2028BD521}.Ad-Hoc|iPhoneSimulator.ActiveCfg = Release|Any CPU
		{051465A1-9658-4D8B-8F07-FDC2028BD521}.Ad-Hoc|iPhoneSimulator.Build.0 = Release|Any CPU
		{051465A1-9658-4D8B-8F07-FDC2028BD521}.Ad-Hoc|iPhoneSimulator.Deploy.0 = Release|Any CPU
		{051465A1-9658-4D8B-8F07-FDC2028BD521}.Ad-Hoc|x64.ActiveCfg = Release|Any CPU
		{051465A1-9658-4D8B-8F07-FDC2028BD521}.Ad-Hoc|x64.Build.0 = Release|Any CPU
		{051465A1-9658-4D8B-8F07-FDC2028BD521}.Ad-Hoc|x64.Deploy.0 = Release|Any CPU
		{051465A1-9658-4D8B-8F07-FDC2028BD521}.Ad-Hoc|x86.ActiveCfg = Release|Any CPU
		{051465A1-9658-4D8B-8F07-FDC2028BD521}.Ad-Hoc|x86.Build.0 = Release|Any CPU
		{051465A1-9658-4D8B-8F07-FDC2028BD521}.Ad-Hoc|x86.Deploy.0 = Release|Any CPU
		{051465A1-9658-4D8B-8F07-FDC2028BD521}.AppStore|Any CPU.ActiveCfg = Release|Any CPU
		{051465A1-9658-4D8B-8F07-FDC2028BD521}.AppStore|Any CPU.Build.0 = Release|Any CPU
		{051465A1-9658-4D8B-8F07-FDC2028BD521}.AppStore|Any CPU.Deploy.0 = Release|Any CPU
		{051465A1-9658-4D8B-8F07-FDC2028BD521}.AppStore|ARM.ActiveCfg = Release|Any CPU
		{051465A1-9658-4D8B-8F07-FDC2028BD521}.AppStore|ARM.Build.0 = Release|Any CPU
		{051465A1-9658-4D8B-8F07-FDC2028BD521}.AppStore|ARM.Deploy.0 = Release|Any CPU
		{051465A1-9658-4D8B-8F07-FDC2028BD521}.AppStore|iPhone.ActiveCfg = Release|Any CPU
		{051465A1-9658-4D8B-8F07-FDC2028BD521}.AppStore|iPhone.Build.0 = Release|Any CPU
		{051465A1-9658-4D8B-8F07-FDC2028BD521}.AppStore|iPhone.Deploy.0 = Release|Any CPU
		{051465A1-9658-4D8B-8F07-FDC2028BD521}.AppStore|iPhoneSimulator.ActiveCfg = Release|Any CPU
		{051465A1-9658-4D8B-8F07-FDC2028BD521}.AppStore|iPhoneSimulator.Build.0 = Release|Any CPU
		{051465A1-9658-4D8B-8F07-FDC2028BD521}.AppStore|iPhoneSimulator.Deploy.0 = Release|Any CPU
		{051465A1-9658-4D8B-8F07-FDC2028BD521}.AppStore|x64.ActiveCfg = Release|Any CPU
		{051465A1-9658-4D8B-8F07-FDC2028BD521}.AppStore|x64.Build.0 = Release|Any CPU
		{051465A1-9658-4D8B-8F07-FDC2028BD521}.AppStore|x64.Deploy.0 = Release|Any CPU
		{051465A1-9658-4D8B-8F07-FDC2028BD521}.AppStore|x86.ActiveCfg = Release|Any CPU
		{051465A1-9658-4D8B-8F07-FDC2028BD521}.AppStore|x86.Build.0 = Release|Any CPU
		{051465A1-9658-4D8B-8F07-FDC2028BD521}.AppStore|x86.Deploy.0 = Release|Any CPU
		{051465A1-9658-4D8B-8F07-FDC2028BD521}.Debug|Any CPU.ActiveCfg = Debug|Any CPU
		{051465A1-9658-4D8B-8F07-FDC2028BD521}.Debug|Any CPU.Build.0 = Debug|Any CPU
		{051465A1-9658-4D8B-8F07-FDC2028BD521}.Debug|Any CPU.Deploy.0 = Debug|Any CPU
		{051465A1-9658-4D8B-8F07-FDC2028BD521}.Debug|ARM.ActiveCfg = Debug|Any CPU
		{051465A1-9658-4D8B-8F07-FDC2028BD521}.Debug|ARM.Build.0 = Debug|Any CPU
		{051465A1-9658-4D8B-8F07-FDC2028BD521}.Debug|ARM.Deploy.0 = Debug|Any CPU
		{051465A1-9658-4D8B-8F07-FDC2028BD521}.Debug|iPhone.ActiveCfg = Debug|Any CPU
		{051465A1-9658-4D8B-8F07-FDC2028BD521}.Debug|iPhone.Build.0 = Debug|Any CPU
		{051465A1-9658-4D8B-8F07-FDC2028BD521}.Debug|iPhone.Deploy.0 = Debug|Any CPU
		{051465A1-9658-4D8B-8F07-FDC2028BD521}.Debug|iPhoneSimulator.ActiveCfg = Debug|Any CPU
		{051465A1-9658-4D8B-8F07-FDC2028BD521}.Debug|iPhoneSimulator.Build.0 = Debug|Any CPU
		{051465A1-9658-4D8B-8F07-FDC2028BD521}.Debug|iPhoneSimulator.Deploy.0 = Debug|Any CPU
		{051465A1-9658-4D8B-8F07-FDC2028BD521}.Debug|x64.ActiveCfg = Debug|Any CPU
		{051465A1-9658-4D8B-8F07-FDC2028BD521}.Debug|x64.Build.0 = Debug|Any CPU
		{051465A1-9658-4D8B-8F07-FDC2028BD521}.Debug|x64.Deploy.0 = Debug|Any CPU
		{051465A1-9658-4D8B-8F07-FDC2028BD521}.Debug|x86.ActiveCfg = Debug|Any CPU
		{051465A1-9658-4D8B-8F07-FDC2028BD521}.Debug|x86.Build.0 = Debug|Any CPU
		{051465A1-9658-4D8B-8F07-FDC2028BD521}.Debug|x86.Deploy.0 = Debug|Any CPU
		{051465A1-9658-4D8B-8F07-FDC2028BD521}.Release|Any CPU.ActiveCfg = Release|Any CPU
		{051465A1-9658-4D8B-8F07-FDC2028BD521}.Release|Any CPU.Build.0 = Release|Any CPU
		{051465A1-9658-4D8B-8F07-FDC2028BD521}.Release|Any CPU.Deploy.0 = Release|Any CPU
		{051465A1-9658-4D8B-8F07-FDC2028BD521}.Release|ARM.ActiveCfg = Release|Any CPU
		{051465A1-9658-4D8B-8F07-FDC2028BD521}.Release|ARM.Build.0 = Release|Any CPU
		{051465A1-9658-4D8B-8F07-FDC2028BD521}.Release|ARM.Deploy.0 = Release|Any CPU
		{051465A1-9658-4D8B-8F07-FDC2028BD521}.Release|iPhone.ActiveCfg = Release|Any CPU
		{051465A1-9658-4D8B-8F07-FDC2028BD521}.Release|iPhone.Build.0 = Release|Any CPU
		{051465A1-9658-4D8B-8F07-FDC2028BD521}.Release|iPhone.Deploy.0 = Release|Any CPU
		{051465A1-9658-4D8B-8F07-FDC2028BD521}.Release|iPhoneSimulator.ActiveCfg = Release|Any CPU
		{051465A1-9658-4D8B-8F07-FDC2028BD521}.Release|iPhoneSimulator.Build.0 = Release|Any CPU
		{051465A1-9658-4D8B-8F07-FDC2028BD521}.Release|iPhoneSimulator.Deploy.0 = Release|Any CPU
		{051465A1-9658-4D8B-8F07-FDC2028BD521}.Release|x64.ActiveCfg = Release|Any CPU
		{051465A1-9658-4D8B-8F07-FDC2028BD521}.Release|x64.Build.0 = Release|Any CPU
		{051465A1-9658-4D8B-8F07-FDC2028BD521}.Release|x64.Deploy.0 = Release|Any CPU
		{051465A1-9658-4D8B-8F07-FDC2028BD521}.Release|x86.ActiveCfg = Release|Any CPU
		{051465A1-9658-4D8B-8F07-FDC2028BD521}.Release|x86.Build.0 = Release|Any CPU
		{051465A1-9658-4D8B-8F07-FDC2028BD521}.Release|x86.Deploy.0 = Release|Any CPU
		{450D5810-EAB1-4B7B-936E-67E2A1B9F15F}.Ad-Hoc|Any CPU.ActiveCfg = Release|Any CPU
		{450D5810-EAB1-4B7B-936E-67E2A1B9F15F}.Ad-Hoc|Any CPU.Build.0 = Release|Any CPU
		{450D5810-EAB1-4B7B-936E-67E2A1B9F15F}.Ad-Hoc|ARM.ActiveCfg = Release|Any CPU
		{450D5810-EAB1-4B7B-936E-67E2A1B9F15F}.Ad-Hoc|ARM.Build.0 = Release|Any CPU
		{450D5810-EAB1-4B7B-936E-67E2A1B9F15F}.Ad-Hoc|iPhone.ActiveCfg = Release|Any CPU
		{450D5810-EAB1-4B7B-936E-67E2A1B9F15F}.Ad-Hoc|iPhone.Build.0 = Release|Any CPU
		{450D5810-EAB1-4B7B-936E-67E2A1B9F15F}.Ad-Hoc|iPhoneSimulator.ActiveCfg = Release|Any CPU
		{450D5810-EAB1-4B7B-936E-67E2A1B9F15F}.Ad-Hoc|iPhoneSimulator.Build.0 = Release|Any CPU
		{450D5810-EAB1-4B7B-936E-67E2A1B9F15F}.Ad-Hoc|x64.ActiveCfg = Release|Any CPU
		{450D5810-EAB1-4B7B-936E-67E2A1B9F15F}.Ad-Hoc|x64.Build.0 = Release|Any CPU
		{450D5810-EAB1-4B7B-936E-67E2A1B9F15F}.Ad-Hoc|x86.ActiveCfg = Release|Any CPU
		{450D5810-EAB1-4B7B-936E-67E2A1B9F15F}.Ad-Hoc|x86.Build.0 = Release|Any CPU
		{450D5810-EAB1-4B7B-936E-67E2A1B9F15F}.AppStore|Any CPU.ActiveCfg = Release|Any CPU
		{450D5810-EAB1-4B7B-936E-67E2A1B9F15F}.AppStore|Any CPU.Build.0 = Release|Any CPU
		{450D5810-EAB1-4B7B-936E-67E2A1B9F15F}.AppStore|ARM.ActiveCfg = Release|Any CPU
		{450D5810-EAB1-4B7B-936E-67E2A1B9F15F}.AppStore|ARM.Build.0 = Release|Any CPU
		{450D5810-EAB1-4B7B-936E-67E2A1B9F15F}.AppStore|iPhone.ActiveCfg = Release|Any CPU
		{450D5810-EAB1-4B7B-936E-67E2A1B9F15F}.AppStore|iPhone.Build.0 = Release|Any CPU
		{450D5810-EAB1-4B7B-936E-67E2A1B9F15F}.AppStore|iPhoneSimulator.ActiveCfg = Release|Any CPU
		{450D5810-EAB1-4B7B-936E-67E2A1B9F15F}.AppStore|iPhoneSimulator.Build.0 = Release|Any CPU
		{450D5810-EAB1-4B7B-936E-67E2A1B9F15F}.AppStore|x64.ActiveCfg = Release|Any CPU
		{450D5810-EAB1-4B7B-936E-67E2A1B9F15F}.AppStore|x64.Build.0 = Release|Any CPU
		{450D5810-EAB1-4B7B-936E-67E2A1B9F15F}.AppStore|x86.ActiveCfg = Release|Any CPU
		{450D5810-EAB1-4B7B-936E-67E2A1B9F15F}.AppStore|x86.Build.0 = Release|Any CPU
		{450D5810-EAB1-4B7B-936E-67E2A1B9F15F}.Debug|Any CPU.ActiveCfg = Debug|Any CPU
		{450D5810-EAB1-4B7B-936E-67E2A1B9F15F}.Debug|Any CPU.Build.0 = Debug|Any CPU
		{450D5810-EAB1-4B7B-936E-67E2A1B9F15F}.Debug|ARM.ActiveCfg = Debug|Any CPU
		{450D5810-EAB1-4B7B-936E-67E2A1B9F15F}.Debug|ARM.Build.0 = Debug|Any CPU
		{450D5810-EAB1-4B7B-936E-67E2A1B9F15F}.Debug|iPhone.ActiveCfg = Debug|Any CPU
		{450D5810-EAB1-4B7B-936E-67E2A1B9F15F}.Debug|iPhone.Build.0 = Debug|Any CPU
		{450D5810-EAB1-4B7B-936E-67E2A1B9F15F}.Debug|iPhoneSimulator.ActiveCfg = Debug|Any CPU
		{450D5810-EAB1-4B7B-936E-67E2A1B9F15F}.Debug|iPhoneSimulator.Build.0 = Debug|Any CPU
		{450D5810-EAB1-4B7B-936E-67E2A1B9F15F}.Debug|x64.ActiveCfg = Debug|Any CPU
		{450D5810-EAB1-4B7B-936E-67E2A1B9F15F}.Debug|x64.Build.0 = Debug|Any CPU
		{450D5810-EAB1-4B7B-936E-67E2A1B9F15F}.Debug|x86.ActiveCfg = Debug|Any CPU
		{450D5810-EAB1-4B7B-936E-67E2A1B9F15F}.Debug|x86.Build.0 = Debug|Any CPU
		{450D5810-EAB1-4B7B-936E-67E2A1B9F15F}.Release|Any CPU.ActiveCfg = Release|Any CPU
		{450D5810-EAB1-4B7B-936E-67E2A1B9F15F}.Release|Any CPU.Build.0 = Release|Any CPU
		{450D5810-EAB1-4B7B-936E-67E2A1B9F15F}.Release|ARM.ActiveCfg = Release|Any CPU
		{450D5810-EAB1-4B7B-936E-67E2A1B9F15F}.Release|ARM.Build.0 = Release|Any CPU
		{450D5810-EAB1-4B7B-936E-67E2A1B9F15F}.Release|iPhone.ActiveCfg = Release|Any CPU
		{450D5810-EAB1-4B7B-936E-67E2A1B9F15F}.Release|iPhone.Build.0 = Release|Any CPU
		{450D5810-EAB1-4B7B-936E-67E2A1B9F15F}.Release|iPhoneSimulator.ActiveCfg = Release|Any CPU
		{450D5810-EAB1-4B7B-936E-67E2A1B9F15F}.Release|iPhoneSimulator.Build.0 = Release|Any CPU
		{450D5810-EAB1-4B7B-936E-67E2A1B9F15F}.Release|x64.ActiveCfg = Release|Any CPU
		{450D5810-EAB1-4B7B-936E-67E2A1B9F15F}.Release|x64.Build.0 = Release|Any CPU
		{450D5810-EAB1-4B7B-936E-67E2A1B9F15F}.Release|x86.ActiveCfg = Release|Any CPU
		{450D5810-EAB1-4B7B-936E-67E2A1B9F15F}.Release|x86.Build.0 = Release|Any CPU
		{0A90453B-2865-4AD2-AC4B-F4D2A4844DF2}.Ad-Hoc|Any CPU.ActiveCfg = Release|x86
		{0A90453B-2865-4AD2-AC4B-F4D2A4844DF2}.Ad-Hoc|Any CPU.Build.0 = Release|x86
		{0A90453B-2865-4AD2-AC4B-F4D2A4844DF2}.Ad-Hoc|Any CPU.Deploy.0 = Release|x86
		{0A90453B-2865-4AD2-AC4B-F4D2A4844DF2}.Ad-Hoc|ARM.ActiveCfg = Release|ARM
		{0A90453B-2865-4AD2-AC4B-F4D2A4844DF2}.Ad-Hoc|ARM.Build.0 = Release|ARM
		{0A90453B-2865-4AD2-AC4B-F4D2A4844DF2}.Ad-Hoc|ARM.Deploy.0 = Release|ARM
		{0A90453B-2865-4AD2-AC4B-F4D2A4844DF2}.Ad-Hoc|iPhone.ActiveCfg = Release|x86
		{0A90453B-2865-4AD2-AC4B-F4D2A4844DF2}.Ad-Hoc|iPhone.Build.0 = Release|x86
		{0A90453B-2865-4AD2-AC4B-F4D2A4844DF2}.Ad-Hoc|iPhone.Deploy.0 = Release|x86
		{0A90453B-2865-4AD2-AC4B-F4D2A4844DF2}.Ad-Hoc|iPhoneSimulator.ActiveCfg = Release|x86
		{0A90453B-2865-4AD2-AC4B-F4D2A4844DF2}.Ad-Hoc|iPhoneSimulator.Build.0 = Release|x86
		{0A90453B-2865-4AD2-AC4B-F4D2A4844DF2}.Ad-Hoc|iPhoneSimulator.Deploy.0 = Release|x86
		{0A90453B-2865-4AD2-AC4B-F4D2A4844DF2}.Ad-Hoc|x64.ActiveCfg = Release|x64
		{0A90453B-2865-4AD2-AC4B-F4D2A4844DF2}.Ad-Hoc|x64.Build.0 = Release|x64
		{0A90453B-2865-4AD2-AC4B-F4D2A4844DF2}.Ad-Hoc|x64.Deploy.0 = Release|x64
		{0A90453B-2865-4AD2-AC4B-F4D2A4844DF2}.Ad-Hoc|x86.ActiveCfg = Release|x86
		{0A90453B-2865-4AD2-AC4B-F4D2A4844DF2}.Ad-Hoc|x86.Build.0 = Release|x86
		{0A90453B-2865-4AD2-AC4B-F4D2A4844DF2}.Ad-Hoc|x86.Deploy.0 = Release|x86
		{0A90453B-2865-4AD2-AC4B-F4D2A4844DF2}.AppStore|Any CPU.ActiveCfg = Release|x86
		{0A90453B-2865-4AD2-AC4B-F4D2A4844DF2}.AppStore|Any CPU.Build.0 = Release|x86
		{0A90453B-2865-4AD2-AC4B-F4D2A4844DF2}.AppStore|Any CPU.Deploy.0 = Release|x86
		{0A90453B-2865-4AD2-AC4B-F4D2A4844DF2}.AppStore|ARM.ActiveCfg = Release|ARM
		{0A90453B-2865-4AD2-AC4B-F4D2A4844DF2}.AppStore|ARM.Build.0 = Release|ARM
		{0A90453B-2865-4AD2-AC4B-F4D2A4844DF2}.AppStore|ARM.Deploy.0 = Release|ARM
		{0A90453B-2865-4AD2-AC4B-F4D2A4844DF2}.AppStore|iPhone.ActiveCfg = Release|x86
		{0A90453B-2865-4AD2-AC4B-F4D2A4844DF2}.AppStore|iPhone.Build.0 = Release|x86
		{0A90453B-2865-4AD2-AC4B-F4D2A4844DF2}.AppStore|iPhone.Deploy.0 = Release|x86
		{0A90453B-2865-4AD2-AC4B-F4D2A4844DF2}.AppStore|iPhoneSimulator.ActiveCfg = Release|x86
		{0A90453B-2865-4AD2-AC4B-F4D2A4844DF2}.AppStore|iPhoneSimulator.Build.0 = Release|x86
		{0A90453B-2865-4AD2-AC4B-F4D2A4844DF2}.AppStore|iPhoneSimulator.Deploy.0 = Release|x86
		{0A90453B-2865-4AD2-AC4B-F4D2A4844DF2}.AppStore|x64.ActiveCfg = Release|x64
		{0A90453B-2865-4AD2-AC4B-F4D2A4844DF2}.AppStore|x64.Build.0 = Release|x64
		{0A90453B-2865-4AD2-AC4B-F4D2A4844DF2}.AppStore|x64.Deploy.0 = Release|x64
		{0A90453B-2865-4AD2-AC4B-F4D2A4844DF2}.AppStore|x86.ActiveCfg = Release|x86
		{0A90453B-2865-4AD2-AC4B-F4D2A4844DF2}.AppStore|x86.Build.0 = Release|x86
		{0A90453B-2865-4AD2-AC4B-F4D2A4844DF2}.AppStore|x86.Deploy.0 = Release|x86
		{0A90453B-2865-4AD2-AC4B-F4D2A4844DF2}.Debug|Any CPU.ActiveCfg = Debug|x86
		{0A90453B-2865-4AD2-AC4B-F4D2A4844DF2}.Debug|ARM.ActiveCfg = Debug|ARM
		{0A90453B-2865-4AD2-AC4B-F4D2A4844DF2}.Debug|ARM.Build.0 = Debug|ARM
		{0A90453B-2865-4AD2-AC4B-F4D2A4844DF2}.Debug|ARM.Deploy.0 = Debug|ARM
		{0A90453B-2865-4AD2-AC4B-F4D2A4844DF2}.Debug|iPhone.ActiveCfg = Debug|x86
		{0A90453B-2865-4AD2-AC4B-F4D2A4844DF2}.Debug|iPhoneSimulator.ActiveCfg = Debug|x86
		{0A90453B-2865-4AD2-AC4B-F4D2A4844DF2}.Debug|x64.ActiveCfg = Debug|x64
		{0A90453B-2865-4AD2-AC4B-F4D2A4844DF2}.Debug|x64.Build.0 = Debug|x64
		{0A90453B-2865-4AD2-AC4B-F4D2A4844DF2}.Debug|x64.Deploy.0 = Debug|x64
		{0A90453B-2865-4AD2-AC4B-F4D2A4844DF2}.Debug|x86.ActiveCfg = Debug|x86
		{0A90453B-2865-4AD2-AC4B-F4D2A4844DF2}.Debug|x86.Build.0 = Debug|x86
		{0A90453B-2865-4AD2-AC4B-F4D2A4844DF2}.Debug|x86.Deploy.0 = Debug|x86
		{0A90453B-2865-4AD2-AC4B-F4D2A4844DF2}.Release|Any CPU.ActiveCfg = Release|x86
		{0A90453B-2865-4AD2-AC4B-F4D2A4844DF2}.Release|ARM.ActiveCfg = Release|ARM
		{0A90453B-2865-4AD2-AC4B-F4D2A4844DF2}.Release|ARM.Build.0 = Release|ARM
		{0A90453B-2865-4AD2-AC4B-F4D2A4844DF2}.Release|ARM.Deploy.0 = Release|ARM
		{0A90453B-2865-4AD2-AC4B-F4D2A4844DF2}.Release|iPhone.ActiveCfg = Release|x86
		{0A90453B-2865-4AD2-AC4B-F4D2A4844DF2}.Release|iPhoneSimulator.ActiveCfg = Release|x86
		{0A90453B-2865-4AD2-AC4B-F4D2A4844DF2}.Release|x64.ActiveCfg = Release|x64
		{0A90453B-2865-4AD2-AC4B-F4D2A4844DF2}.Release|x64.Build.0 = Release|x64
		{0A90453B-2865-4AD2-AC4B-F4D2A4844DF2}.Release|x64.Deploy.0 = Release|x64
		{0A90453B-2865-4AD2-AC4B-F4D2A4844DF2}.Release|x86.ActiveCfg = Release|x86
		{0A90453B-2865-4AD2-AC4B-F4D2A4844DF2}.Release|x86.Build.0 = Release|x86
		{0A90453B-2865-4AD2-AC4B-F4D2A4844DF2}.Release|x86.Deploy.0 = Release|x86
		{F76B0CA2-62FC-4D9A-9934-FCA60E32179C}.Ad-Hoc|Any CPU.ActiveCfg = Ad-Hoc|iPhone
		{F76B0CA2-62FC-4D9A-9934-FCA60E32179C}.Ad-Hoc|ARM.ActiveCfg = Ad-Hoc|iPhone
		{F76B0CA2-62FC-4D9A-9934-FCA60E32179C}.Ad-Hoc|iPhone.ActiveCfg = Ad-Hoc|iPhone
		{F76B0CA2-62FC-4D9A-9934-FCA60E32179C}.Ad-Hoc|iPhone.Build.0 = Ad-Hoc|iPhone
		{F76B0CA2-62FC-4D9A-9934-FCA60E32179C}.Ad-Hoc|iPhoneSimulator.ActiveCfg = Ad-Hoc|iPhoneSimulator
		{F76B0CA2-62FC-4D9A-9934-FCA60E32179C}.Ad-Hoc|iPhoneSimulator.Build.0 = Ad-Hoc|iPhoneSimulator
		{F76B0CA2-62FC-4D9A-9934-FCA60E32179C}.Ad-Hoc|x64.ActiveCfg = Ad-Hoc|iPhone
		{F76B0CA2-62FC-4D9A-9934-FCA60E32179C}.Ad-Hoc|x86.ActiveCfg = Ad-Hoc|iPhone
		{F76B0CA2-62FC-4D9A-9934-FCA60E32179C}.AppStore|Any CPU.ActiveCfg = AppStore|iPhone
		{F76B0CA2-62FC-4D9A-9934-FCA60E32179C}.AppStore|ARM.ActiveCfg = AppStore|iPhone
		{F76B0CA2-62FC-4D9A-9934-FCA60E32179C}.AppStore|iPhone.ActiveCfg = AppStore|iPhone
		{F76B0CA2-62FC-4D9A-9934-FCA60E32179C}.AppStore|iPhone.Build.0 = AppStore|iPhone
		{F76B0CA2-62FC-4D9A-9934-FCA60E32179C}.AppStore|iPhoneSimulator.ActiveCfg = AppStore|iPhoneSimulator
		{F76B0CA2-62FC-4D9A-9934-FCA60E32179C}.AppStore|iPhoneSimulator.Build.0 = AppStore|iPhoneSimulator
		{F76B0CA2-62FC-4D9A-9934-FCA60E32179C}.AppStore|x64.ActiveCfg = AppStore|iPhone
		{F76B0CA2-62FC-4D9A-9934-FCA60E32179C}.AppStore|x86.ActiveCfg = AppStore|iPhone
		{F76B0CA2-62FC-4D9A-9934-FCA60E32179C}.Debug|Any CPU.ActiveCfg = Debug|iPhone
		{F76B0CA2-62FC-4D9A-9934-FCA60E32179C}.Debug|ARM.ActiveCfg = Debug|iPhone
		{F76B0CA2-62FC-4D9A-9934-FCA60E32179C}.Debug|iPhone.ActiveCfg = Debug|iPhone
		{F76B0CA2-62FC-4D9A-9934-FCA60E32179C}.Debug|iPhone.Build.0 = Debug|iPhone
		{F76B0CA2-62FC-4D9A-9934-FCA60E32179C}.Debug|iPhoneSimulator.ActiveCfg = Debug|iPhoneSimulator
		{F76B0CA2-62FC-4D9A-9934-FCA60E32179C}.Debug|iPhoneSimulator.Build.0 = Debug|iPhoneSimulator
		{F76B0CA2-62FC-4D9A-9934-FCA60E32179C}.Debug|x64.ActiveCfg = Debug|iPhone
		{F76B0CA2-62FC-4D9A-9934-FCA60E32179C}.Debug|x86.ActiveCfg = Debug|iPhone
		{F76B0CA2-62FC-4D9A-9934-FCA60E32179C}.Release|Any CPU.ActiveCfg = Release|iPhone
		{F76B0CA2-62FC-4D9A-9934-FCA60E32179C}.Release|ARM.ActiveCfg = Release|iPhone
		{F76B0CA2-62FC-4D9A-9934-FCA60E32179C}.Release|iPhone.ActiveCfg = Release|iPhone
		{F76B0CA2-62FC-4D9A-9934-FCA60E32179C}.Release|iPhone.Build.0 = Release|iPhone
		{F76B0CA2-62FC-4D9A-9934-FCA60E32179C}.Release|iPhoneSimulator.ActiveCfg = Release|iPhoneSimulator
		{F76B0CA2-62FC-4D9A-9934-FCA60E32179C}.Release|iPhoneSimulator.Build.0 = Release|iPhoneSimulator
		{F76B0CA2-62FC-4D9A-9934-FCA60E32179C}.Release|x64.ActiveCfg = Release|iPhone
		{F76B0CA2-62FC-4D9A-9934-FCA60E32179C}.Release|x86.ActiveCfg = Release|iPhone
	EndGlobalSection
	GlobalSection(SolutionProperties) = preSolution
		HideSolutionNode = FALSE
	EndGlobalSection
	GlobalSection(ExtensibilityGlobals) = postSolution
		SolutionGuid = {D7036FF1-2752-4912-97B1-DD6FC5100B2A}
	EndGlobalSection
EndGlobal
